// !$*UTF8*$!
{
	archiveVersion = 1;
	classes = {
	};
	objectVersion = 50;
	objects = {

/* Begin PBXBuildFile section */
		7E0C9547247E65890029F521 /* AppDelegate.m in Sources */ = {isa = PBXBuildFile; fileRef = 7E0C9546247E65890029F521 /* AppDelegate.m */; };
		7E0C954A247E65890029F521 /* SceneDelegate.m in Sources */ = {isa = PBXBuildFile; fileRef = 7E0C9549247E65890029F521 /* SceneDelegate.m */; };
		7E0C9552247E658C0029F521 /* Assets.xcassets in Resources */ = {isa = PBXBuildFile; fileRef = 7E0C9551247E658C0029F521 /* Assets.xcassets */; };
		7E0C9555247E658C0029F521 /* LaunchScreen.storyboard in Resources */ = {isa = PBXBuildFile; fileRef = 7E0C9553247E658C0029F521 /* LaunchScreen.storyboard */; };
		7E0C9558247E658C0029F521 /* main.m in Sources */ = {isa = PBXBuildFile; fileRef = 7E0C9557247E658C0029F521 /* main.m */; };
		7E0C9560247E65F50029F521 /* SymbolsViewController.m in Sources */ = {isa = PBXBuildFile; fileRef = 7E0C955F247E65F50029F521 /* SymbolsViewController.m */; };
		7E0C9563247E6B520029F521 /* SymbolSearchResultsViewController.m in Sources */ = {isa = PBXBuildFile; fileRef = 7E0C9562247E6B520029F521 /* SymbolSearchResultsViewController.m */; };
		7E0C9569247E6BD60029F521 /* SymbolPreviewCell.m in Sources */ = {isa = PBXBuildFile; fileRef = 7E0C9568247E6BD60029F521 /* SymbolPreviewCell.m */; };
		7E0C956C247E6DBA0029F521 /* TextCell.m in Sources */ = {isa = PBXBuildFile; fileRef = 7E0C956B247E6DBA0029F521 /* TextCell.m */; };
		7E0C956F247E71570029F521 /* ReusableTitleView.m in Sources */ = {isa = PBXBuildFile; fileRef = 7E0C956E247E71570029F521 /* ReusableTitleView.m */; };
		7E0C9572247F43180029F521 /* SFSymbol.m in Sources */ = {isa = PBXBuildFile; fileRef = 7E0C9571247F43180029F521 /* SFSymbol.m */; };
		7E0C9574247F45470029F521 /* SFSymbol.All.plist in Resources */ = {isa = PBXBuildFile; fileRef = 7E0C9573247F45470029F521 /* SFSymbol.All.plist */; };
		7E0C957D247F588E0029F521 /* CategoriesViewController.m in Sources */ = {isa = PBXBuildFile; fileRef = 7E0C957C247F588E0029F521 /* CategoriesViewController.m */; };
		7E0C9580247F5F280029F521 /* SFSymbolCategory.m in Sources */ = {isa = PBXBuildFile; fileRef = 7E0C957F247F5F280029F521 /* SFSymbolCategory.m */; };
/* End PBXBuildFile section */

/* Begin PBXFileReference section */
		7E0C9542247E65890029F521 /* SFSymbolsPreview.app */ = {isa = PBXFileReference; explicitFileType = wrapper.application; includeInIndex = 0; path = SFSymbolsPreview.app; sourceTree = BUILT_PRODUCTS_DIR; };
		7E0C9545247E65890029F521 /* AppDelegate.h */ = {isa = PBXFileReference; lastKnownFileType = sourcecode.c.h; path = AppDelegate.h; sourceTree = "<group>"; };
		7E0C9546247E65890029F521 /* AppDelegate.m */ = {isa = PBXFileReference; lastKnownFileType = sourcecode.c.objc; path = AppDelegate.m; sourceTree = "<group>"; };
		7E0C9548247E65890029F521 /* SceneDelegate.h */ = {isa = PBXFileReference; lastKnownFileType = sourcecode.c.h; path = SceneDelegate.h; sourceTree = "<group>"; };
		7E0C9549247E65890029F521 /* SceneDelegate.m */ = {isa = PBXFileReference; lastKnownFileType = sourcecode.c.objc; path = SceneDelegate.m; sourceTree = "<group>"; };
		7E0C9551247E658C0029F521 /* Assets.xcassets */ = {isa = PBXFileReference; lastKnownFileType = folder.assetcatalog; path = Assets.xcassets; sourceTree = "<group>"; };
		7E0C9554247E658C0029F521 /* Base */ = {isa = PBXFileReference; lastKnownFileType = file.storyboard; name = Base; path = Base.lproj/LaunchScreen.storyboard; sourceTree = "<group>"; };
		7E0C9556247E658C0029F521 /* Info.plist */ = {isa = PBXFileReference; lastKnownFileType = text.plist.xml; path = Info.plist; sourceTree = "<group>"; };
		7E0C9557247E658C0029F521 /* main.m */ = {isa = PBXFileReference; lastKnownFileType = sourcecode.c.objc; path = main.m; sourceTree = "<group>"; };
		7E0C955E247E65F50029F521 /* SymbolsViewController.h */ = {isa = PBXFileReference; lastKnownFileType = sourcecode.c.h; path = SymbolsViewController.h; sourceTree = "<group>"; };
		7E0C955F247E65F50029F521 /* SymbolsViewController.m */ = {isa = PBXFileReference; lastKnownFileType = sourcecode.c.objc; path = SymbolsViewController.m; sourceTree = "<group>"; };
		7E0C9561247E6B520029F521 /* SymbolSearchResultsViewController.h */ = {isa = PBXFileReference; lastKnownFileType = sourcecode.c.h; path = SymbolSearchResultsViewController.h; sourceTree = "<group>"; };
		7E0C9562247E6B520029F521 /* SymbolSearchResultsViewController.m */ = {isa = PBXFileReference; lastKnownFileType = sourcecode.c.objc; path = SymbolSearchResultsViewController.m; sourceTree = "<group>"; };
		7E0C9567247E6BD60029F521 /* SymbolPreviewCell.h */ = {isa = PBXFileReference; lastKnownFileType = sourcecode.c.h; path = SymbolPreviewCell.h; sourceTree = "<group>"; };
		7E0C9568247E6BD60029F521 /* SymbolPreviewCell.m */ = {isa = PBXFileReference; lastKnownFileType = sourcecode.c.objc; path = SymbolPreviewCell.m; sourceTree = "<group>"; };
		7E0C956A247E6DBA0029F521 /* TextCell.h */ = {isa = PBXFileReference; lastKnownFileType = sourcecode.c.h; path = TextCell.h; sourceTree = "<group>"; };
		7E0C956B247E6DBA0029F521 /* TextCell.m */ = {isa = PBXFileReference; lastKnownFileType = sourcecode.c.objc; path = TextCell.m; sourceTree = "<group>"; };
		7E0C956D247E71570029F521 /* ReusableTitleView.h */ = {isa = PBXFileReference; lastKnownFileType = sourcecode.c.h; path = ReusableTitleView.h; sourceTree = "<group>"; };
		7E0C956E247E71570029F521 /* ReusableTitleView.m */ = {isa = PBXFileReference; lastKnownFileType = sourcecode.c.objc; path = ReusableTitleView.m; sourceTree = "<group>"; };
		7E0C9570247F43180029F521 /* SFSymbol.h */ = {isa = PBXFileReference; lastKnownFileType = sourcecode.c.h; path = SFSymbol.h; sourceTree = "<group>"; };
		7E0C9571247F43180029F521 /* SFSymbol.m */ = {isa = PBXFileReference; lastKnownFileType = sourcecode.c.objc; path = SFSymbol.m; sourceTree = "<group>"; };
		7E0C9573247F45470029F521 /* SFSymbol.All.plist */ = {isa = PBXFileReference; lastKnownFileType = text.plist.xml; path = SFSymbol.All.plist; sourceTree = "<group>"; };
		7E0C957B247F588E0029F521 /* CategoriesViewController.h */ = {isa = PBXFileReference; lastKnownFileType = sourcecode.c.h; path = CategoriesViewController.h; sourceTree = "<group>"; };
		7E0C957C247F588E0029F521 /* CategoriesViewController.m */ = {isa = PBXFileReference; lastKnownFileType = sourcecode.c.objc; path = CategoriesViewController.m; sourceTree = "<group>"; };
		7E0C957E247F5F280029F521 /* SFSymbolCategory.h */ = {isa = PBXFileReference; lastKnownFileType = sourcecode.c.h; path = SFSymbolCategory.h; sourceTree = "<group>"; };
		7E0C957F247F5F280029F521 /* SFSymbolCategory.m */ = {isa = PBXFileReference; lastKnownFileType = sourcecode.c.objc; path = SFSymbolCategory.m; sourceTree = "<group>"; };
/* End PBXFileReference section */

/* Begin PBXFrameworksBuildPhase section */
		7E0C953F247E65890029F521 /* Frameworks */ = {
			isa = PBXFrameworksBuildPhase;
			buildActionMask = 2147483647;
			files = (
			);
			runOnlyForDeploymentPostprocessing = 0;
		};
/* End PBXFrameworksBuildPhase section */

/* Begin PBXGroup section */
		7E0C9539247E65890029F521 = {
			isa = PBXGroup;
			children = (
				7E0C9544247E65890029F521 /* SFSymbolsPreview */,
				7E0C9543247E65890029F521 /* Products */,
			);
			sourceTree = "<group>";
		};
		7E0C9543247E65890029F521 /* Products */ = {
			isa = PBXGroup;
			children = (
				7E0C9542247E65890029F521 /* SFSymbolsPreview.app */,
			);
			name = Products;
			sourceTree = "<group>";
		};
		7E0C9544247E65890029F521 /* SFSymbolsPreview */ = {
			isa = PBXGroup;
			children = (
				7E0C9545247E65890029F521 /* AppDelegate.h */,
				7E0C9546247E65890029F521 /* AppDelegate.m */,
				7E0C9548247E65890029F521 /* SceneDelegate.h */,
				7E0C9549247E65890029F521 /* SceneDelegate.m */,
				7E0C9566247E6BB70029F521 /* M */,
				7E0C9565247E6BB20029F521 /* V */,
				7E0C9564247E6BAE0029F521 /* C */,
				7E0C9551247E658C0029F521 /* Assets.xcassets */,
				7E0C9553247E658C0029F521 /* LaunchScreen.storyboard */,
				7E0C9556247E658C0029F521 /* Info.plist */,
				7E0C9557247E658C0029F521 /* main.m */,
			);
			path = SFSymbolsPreview;
			sourceTree = "<group>";
		};
		7E0C9564247E6BAE0029F521 /* C */ = {
			isa = PBXGroup;
			children = (
				7E0C957B247F588E0029F521 /* CategoriesViewController.h */,
				7E0C957C247F588E0029F521 /* CategoriesViewController.m */,
				7E0C955E247E65F50029F521 /* SymbolsViewController.h */,
				7E0C955F247E65F50029F521 /* SymbolsViewController.m */,
				7E0C9561247E6B520029F521 /* SymbolSearchResultsViewController.h */,
				7E0C9562247E6B520029F521 /* SymbolSearchResultsViewController.m */,
			);
			path = C;
			sourceTree = "<group>";
		};
		7E0C9565247E6BB20029F521 /* V */ = {
			isa = PBXGroup;
			children = (
				7E0C956D247E71570029F521 /* ReusableTitleView.h */,
				7E0C956E247E71570029F521 /* ReusableTitleView.m */,
				7E0C956A247E6DBA0029F521 /* TextCell.h */,
				7E0C956B247E6DBA0029F521 /* TextCell.m */,
				7E0C9567247E6BD60029F521 /* SymbolPreviewCell.h */,
				7E0C9568247E6BD60029F521 /* SymbolPreviewCell.m */,
			);
			path = V;
			sourceTree = "<group>";
		};
		7E0C9566247E6BB70029F521 /* M */ = {
			isa = PBXGroup;
			children = (
				7E0C957E247F5F280029F521 /* SFSymbolCategory.h */,
				7E0C957F247F5F280029F521 /* SFSymbolCategory.m */,
				7E0C9570247F43180029F521 /* SFSymbol.h */,
				7E0C9571247F43180029F521 /* SFSymbol.m */,
				7E0C9573247F45470029F521 /* SFSymbol.All.plist */,
			);
			path = M;
			sourceTree = "<group>";
		};
/* End PBXGroup section */

/* Begin PBXNativeTarget section */
		7E0C9541247E65890029F521 /* SFSymbolsPreview */ = {
			isa = PBXNativeTarget;
			buildConfigurationList = 7E0C955B247E658C0029F521 /* Build configuration list for PBXNativeTarget "SFSymbolsPreview" */;
			buildPhases = (
				7E0C953E247E65890029F521 /* Sources */,
				7E0C953F247E65890029F521 /* Frameworks */,
				7E0C9540247E65890029F521 /* Resources */,
			);
			buildRules = (
			);
			dependencies = (
			);
			name = SFSymbolsPreview;
			productName = SFSymbolsPreview;
			productReference = 7E0C9542247E65890029F521 /* SFSymbolsPreview.app */;
			productType = "com.apple.product-type.application";
		};
/* End PBXNativeTarget section */

/* Begin PBXProject section */
		7E0C953A247E65890029F521 /* Project object */ = {
			isa = PBXProject;
			attributes = {
				LastUpgradeCheck = 1150;
				ORGANIZATIONNAME = "YICAI YANG";
				TargetAttributes = {
					7E0C9541247E65890029F521 = {
						CreatedOnToolsVersion = 11.5;
					};
				};
			};
			buildConfigurationList = 7E0C953D247E65890029F521 /* Build configuration list for PBXProject "SFSymbolsPreview" */;
			compatibilityVersion = "Xcode 9.3";
			developmentRegion = en;
			hasScannedForEncodings = 0;
			knownRegions = (
				en,
				Base,
			);
			mainGroup = 7E0C9539247E65890029F521;
			productRefGroup = 7E0C9543247E65890029F521 /* Products */;
			projectDirPath = "";
			projectRoot = "";
			targets = (
				7E0C9541247E65890029F521 /* SFSymbolsPreview */,
			);
		};
/* End PBXProject section */

/* Begin PBXResourcesBuildPhase section */
		7E0C9540247E65890029F521 /* Resources */ = {
			isa = PBXResourcesBuildPhase;
			buildActionMask = 2147483647;
			files = (
				7E0C9574247F45470029F521 /* SFSymbol.All.plist in Resources */,
				7E0C9555247E658C0029F521 /* LaunchScreen.storyboard in Resources */,
				7E0C9552247E658C0029F521 /* Assets.xcassets in Resources */,
			);
			runOnlyForDeploymentPostprocessing = 0;
		};
/* End PBXResourcesBuildPhase section */

/* Begin PBXSourcesBuildPhase section */
		7E0C953E247E65890029F521 /* Sources */ = {
			isa = PBXSourcesBuildPhase;
			buildActionMask = 2147483647;
			files = (
				7E0C9580247F5F280029F521 /* SFSymbolCategory.m in Sources */,
				7E0C9569247E6BD60029F521 /* SymbolPreviewCell.m in Sources */,
				7E0C9547247E65890029F521 /* AppDelegate.m in Sources */,
				7E0C956C247E6DBA0029F521 /* TextCell.m in Sources */,
				7E0C9558247E658C0029F521 /* main.m in Sources */,
				7E0C9560247E65F50029F521 /* SymbolsViewController.m in Sources */,
				7E0C954A247E65890029F521 /* SceneDelegate.m in Sources */,
				7E0C956F247E71570029F521 /* ReusableTitleView.m in Sources */,
				7E0C9563247E6B520029F521 /* SymbolSearchResultsViewController.m in Sources */,
				7E0C957D247F588E0029F521 /* CategoriesViewController.m in Sources */,
				7E0C9572247F43180029F521 /* SFSymbol.m in Sources */,
			);
			runOnlyForDeploymentPostprocessing = 0;
		};
/* End PBXSourcesBuildPhase section */

/* Begin PBXVariantGroup section */
		7E0C9553247E658C0029F521 /* LaunchScreen.storyboard */ = {
			isa = PBXVariantGroup;
			children = (
				7E0C9554247E658C0029F521 /* Base */,
			);
			name = LaunchScreen.storyboard;
			sourceTree = "<group>";
		};
/* End PBXVariantGroup section */

/* Begin XCBuildConfiguration section */
		7E0C9559247E658C0029F521 /* Debug */ = {
			isa = XCBuildConfiguration;
			buildSettings = {
				ALWAYS_SEARCH_USER_PATHS = NO;
				CLANG_ANALYZER_NONNULL = YES;
				CLANG_ANALYZER_NUMBER_OBJECT_CONVERSION = YES_AGGRESSIVE;
				CLANG_CXX_LANGUAGE_STANDARD = "gnu++14";
				CLANG_CXX_LIBRARY = "libc++";
				CLANG_ENABLE_MODULES = YES;
				CLANG_ENABLE_OBJC_ARC = YES;
				CLANG_ENABLE_OBJC_WEAK = YES;
				CLANG_WARN_BLOCK_CAPTURE_AUTORELEASING = YES;
				CLANG_WARN_BOOL_CONVERSION = YES;
				CLANG_WARN_COMMA = YES;
				CLANG_WARN_CONSTANT_CONVERSION = YES;
				CLANG_WARN_DEPRECATED_OBJC_IMPLEMENTATIONS = YES;
				CLANG_WARN_DIRECT_OBJC_ISA_USAGE = YES_ERROR;
				CLANG_WARN_DOCUMENTATION_COMMENTS = YES;
				CLANG_WARN_EMPTY_BODY = YES;
				CLANG_WARN_ENUM_CONVERSION = YES;
				CLANG_WARN_INFINITE_RECURSION = YES;
				CLANG_WARN_INT_CONVERSION = YES;
				CLANG_WARN_NON_LITERAL_NULL_CONVERSION = YES;
				CLANG_WARN_OBJC_IMPLICIT_RETAIN_SELF = YES;
				CLANG_WARN_OBJC_LITERAL_CONVERSION = YES;
				CLANG_WARN_OBJC_ROOT_CLASS = YES_ERROR;
				CLANG_WARN_RANGE_LOOP_ANALYSIS = YES;
				CLANG_WARN_STRICT_PROTOTYPES = YES;
				CLANG_WARN_SUSPICIOUS_MOVE = YES;
				CLANG_WARN_UNGUARDED_AVAILABILITY = YES_AGGRESSIVE;
				CLANG_WARN_UNREACHABLE_CODE = YES;
				CLANG_WARN__DUPLICATE_METHOD_MATCH = YES;
				COPY_PHASE_STRIP = NO;
				DEBUG_INFORMATION_FORMAT = dwarf;
				ENABLE_STRICT_OBJC_MSGSEND = YES;
				ENABLE_TESTABILITY = YES;
				GCC_C_LANGUAGE_STANDARD = gnu11;
				GCC_DYNAMIC_NO_PIC = NO;
				GCC_NO_COMMON_BLOCKS = YES;
				GCC_OPTIMIZATION_LEVEL = 0;
				GCC_PREPROCESSOR_DEFINITIONS = (
					"DEBUG=1",
					"$(inherited)",
				);
				GCC_WARN_64_TO_32_BIT_CONVERSION = YES;
				GCC_WARN_ABOUT_RETURN_TYPE = YES_ERROR;
				GCC_WARN_UNDECLARED_SELECTOR = YES;
				GCC_WARN_UNINITIALIZED_AUTOS = YES_AGGRESSIVE;
				GCC_WARN_UNUSED_FUNCTION = YES;
				GCC_WARN_UNUSED_VARIABLE = YES;
				IPHONEOS_DEPLOYMENT_TARGET = 13.0;
				MTL_ENABLE_DEBUG_INFO = INCLUDE_SOURCE;
				MTL_FAST_MATH = YES;
				ONLY_ACTIVE_ARCH = YES;
				SDKROOT = iphoneos;
			};
			name = Debug;
		};
		7E0C955A247E658C0029F521 /* Release */ = {
			isa = XCBuildConfiguration;
			buildSettings = {
				ALWAYS_SEARCH_USER_PATHS = NO;
				CLANG_ANALYZER_NONNULL = YES;
				CLANG_ANALYZER_NUMBER_OBJECT_CONVERSION = YES_AGGRESSIVE;
				CLANG_CXX_LANGUAGE_STANDARD = "gnu++14";
				CLANG_CXX_LIBRARY = "libc++";
				CLANG_ENABLE_MODULES = YES;
				CLANG_ENABLE_OBJC_ARC = YES;
				CLANG_ENABLE_OBJC_WEAK = YES;
				CLANG_WARN_BLOCK_CAPTURE_AUTORELEASING = YES;
				CLANG_WARN_BOOL_CONVERSION = YES;
				CLANG_WARN_COMMA = YES;
				CLANG_WARN_CONSTANT_CONVERSION = YES;
				CLANG_WARN_DEPRECATED_OBJC_IMPLEMENTATIONS = YES;
				CLANG_WARN_DIRECT_OBJC_ISA_USAGE = YES_ERROR;
				CLANG_WARN_DOCUMENTATION_COMMENTS = YES;
				CLANG_WARN_EMPTY_BODY = YES;
				CLANG_WARN_ENUM_CONVERSION = YES;
				CLANG_WARN_INFINITE_RECURSION = YES;
				CLANG_WARN_INT_CONVERSION = YES;
				CLANG_WARN_NON_LITERAL_NULL_CONVERSION = YES;
				CLANG_WARN_OBJC_IMPLICIT_RETAIN_SELF = YES;
				CLANG_WARN_OBJC_LITERAL_CONVERSION = YES;
				CLANG_WARN_OBJC_ROOT_CLASS = YES_ERROR;
				CLANG_WARN_RANGE_LOOP_ANALYSIS = YES;
				CLANG_WARN_STRICT_PROTOTYPES = YES;
				CLANG_WARN_SUSPICIOUS_MOVE = YES;
				CLANG_WARN_UNGUARDED_AVAILABILITY = YES_AGGRESSIVE;
				CLANG_WARN_UNREACHABLE_CODE = YES;
				CLANG_WARN__DUPLICATE_METHOD_MATCH = YES;
				COPY_PHASE_STRIP = NO;
				DEBUG_INFORMATION_FORMAT = "dwarf-with-dsym";
				ENABLE_NS_ASSERTIONS = NO;
				ENABLE_STRICT_OBJC_MSGSEND = YES;
				GCC_C_LANGUAGE_STANDARD = gnu11;
				GCC_NO_COMMON_BLOCKS = YES;
				GCC_WARN_64_TO_32_BIT_CONVERSION = YES;
				GCC_WARN_ABOUT_RETURN_TYPE = YES_ERROR;
				GCC_WARN_UNDECLARED_SELECTOR = YES;
				GCC_WARN_UNINITIALIZED_AUTOS = YES_AGGRESSIVE;
				GCC_WARN_UNUSED_FUNCTION = YES;
				GCC_WARN_UNUSED_VARIABLE = YES;
				IPHONEOS_DEPLOYMENT_TARGET = 13.0;
				MTL_ENABLE_DEBUG_INFO = NO;
				MTL_FAST_MATH = YES;
				SDKROOT = iphoneos;
				VALIDATE_PRODUCT = YES;
			};
			name = Release;
		};
		7E0C955C247E658C0029F521 /* Debug */ = {
			isa = XCBuildConfiguration;
			buildSettings = {
				ASSETCATALOG_COMPILER_APPICON_NAME = AppIcon;
				CODE_SIGN_STYLE = Automatic;
				DEVELOPMENT_TEAM = 2BHGL3L4A8;
				INFOPLIST_FILE = SFSymbolsPreview/Info.plist;
				LD_RUNPATH_SEARCH_PATHS = (
					"$(inherited)",
					"@executable_path/Frameworks",
				);
				PRODUCT_BUNDLE_IDENTIFIER = com.morecats.testing.SFSymbolsPreview;
				PRODUCT_NAME = "$(TARGET_NAME)";
				TARGETED_DEVICE_FAMILY = "1,2";
			};
			name = Debug;
		};
		7E0C955D247E658C0029F521 /* Release */ = {
			isa = XCBuildConfiguration;
			buildSettings = {
				ASSETCATALOG_COMPILER_APPICON_NAME = AppIcon;
				CODE_SIGN_STYLE = Automatic;
				DEVELOPMENT_TEAM = 2BHGL3L4A8;
				INFOPLIST_FILE = SFSymbolsPreview/Info.plist;
				LD_RUNPATH_SEARCH_PATHS = (
					"$(inherited)",
					"@executable_path/Frameworks",
				);
				PRODUCT_BUNDLE_IDENTIFIER = com.morecats.testing.SFSymbolsPreview;
				PRODUCT_NAME = "$(TARGET_NAME)";
				TARGETED_DEVICE_FAMILY = "1,2";
			};
			name = Release;
		};
/* End XCBuildConfiguration section */

/* Begin XCConfigurationList section */
		7E0C953D247E65890029F521 /* Build configuration list for PBXProject "SFSymbolsPreview" */ = {
			isa = XCConfigurationList;
			buildConfigurations = (
				7E0C9559247E658C0029F521 /* Debug */,
				7E0C955A247E658C0029F521 /* Release */,
			);
			defaultConfigurationIsVisible = 0;
			defaultConfigurationName = Release;
		};
		7E0C955B247E658C0029F521 /* Build configuration list for PBXNativeTarget "SFSymbolsPreview" */ = {
			isa = XCConfigurationList;
			buildConfigurations = (
				7E0C955C247E658C0029F521 /* Debug */,
				7E0C955D247E658C0029F521 /* Release */,
			);
			defaultConfigurationIsVisible = 0;
			defaultConfigurationName = Release;
		};
/* End XCConfigurationList section */
	};
	rootObject = 7E0C953A247E65890029F521 /* Project object */;
}
